<?xml version="1.0" encoding="utf-8"?>
<Project ToolsVersion="4.0" xmlns="http://schemas.microsoft.com/developer/msbuild/2003">
  <ItemGroup>
    <Filter Include="소스 파일">
      <UniqueIdentifier>{4FC737F1-C7A5-4376-A066-2A32D752A2FF}</UniqueIdentifier>
      <Extensions>cpp;c;cc;cxx;c++;cppm;ixx;def;odl;idl;hpj;bat;asm;asmx</Extensions>
    </Filter>
    <Filter Include="리소스 파일">
      <UniqueIdentifier>{67DA6AB6-F800-4c08-8B7A-83BB121AAD01}</UniqueIdentifier>
      <Extensions>rc;ico;cur;bmp;dlg;rc2;rct;bin;rgs;gif;jpg;jpeg;jpe;resx;tiff;tif;png;wav;mfcribbon-ms</Extensions>
    </Filter>
    <Filter Include="소스 파일\00. Main">
      <UniqueIdentifier>{10f8f1d6-73fd-42ba-b523-1140cf856edd}</UniqueIdentifier>
    </Filter>
    <Filter Include="소스 파일\01. Manager">
      <UniqueIdentifier>{c1d4fa07-b898-477f-a5b1-fd4b28c4f405}</UniqueIdentifier>
    </Filter>
    <Filter Include="소스 파일\01. Manager\00. WinSockMgr">
      <UniqueIdentifier>{0c7c184e-318c-4075-aad3-2e760af5f1c2}</UniqueIdentifier>
    </Filter>
    <Filter Include="소스 파일\01. Manager\01. TimeMgr">
      <UniqueIdentifier>{ea8124e1-e581-473c-ab86-778573dc7030}</UniqueIdentifier>
    </Filter>
    <Filter Include="소스 파일\01. Manager\02. ObjMgr">
      <UniqueIdentifier>{df0c6bab-7302-4155-b6ba-6a3ffbfa407a}</UniqueIdentifier>
    </Filter>
    <Filter Include="소스 파일\01. Manager\04. NetIOMgr">
      <UniqueIdentifier>{63cbb4ae-fdbc-438f-8ae0-125c192af76e}</UniqueIdentifier>
    </Filter>
    <Filter Include="소스 파일\02. RingBuffer">
      <UniqueIdentifier>{42cc791f-eb54-461d-80be-6c5932d8ca8e}</UniqueIdentifier>
    </Filter>
    <Filter Include="소스 파일\03. Packet %28Seriallized Buffer%29">
      <UniqueIdentifier>{a6c3165d-611d-4852-b6a2-855e6e9c9d43}</UniqueIdentifier>
    </Filter>
    <Filter Include="소스 파일\03. Packet %28Seriallized Buffer%29\00. PacketProc">
      <UniqueIdentifier>{67d36848-3b00-47a0-a103-c108be0d6dcc}</UniqueIdentifier>
    </Filter>
    <Filter Include="소스 파일\03. Packet %28Seriallized Buffer%29\01. ResPacket">
      <UniqueIdentifier>{c12ab6d4-395e-4bf2-8357-9e7d3fd838b5}</UniqueIdentifier>
    </Filter>
    <Filter Include="소스 파일\99. Etc">
      <UniqueIdentifier>{e7ff7ca7-61df-4c49-8b39-f2d50a40b7e2}</UniqueIdentifier>
    </Filter>
    <Filter Include="소스 파일\99. Etc\00. pch">
      <UniqueIdentifier>{2b7fae91-40f7-43f8-bdf5-deea239a6e43}</UniqueIdentifier>
    </Filter>
    <Filter Include="소스 파일\99. Etc\02. Protocol">
      <UniqueIdentifier>{f75a93b6-05e7-476a-9110-381b56dc7e6d}</UniqueIdentifier>
    </Filter>
    <Filter Include="소스 파일\99. Etc\01. Custom throw Exception">
      <UniqueIdentifier>{208fd565-76fa-47b8-b31d-3c2628f112ba}</UniqueIdentifier>
    </Filter>
    <Filter Include="소스 파일\99. Etc\01. Custom throw Exception\StackWalker">
      <UniqueIdentifier>{78210533-846d-4949-b933-652f2e2da838}</UniqueIdentifier>
    </Filter>
    <Filter Include="소스 파일\99. Etc\03. Profile">
      <UniqueIdentifier>{9d603127-4821-4a32-83cb-c0a1a6479535}</UniqueIdentifier>
    </Filter>
    <Filter Include="소스 파일\06. Content">
      <UniqueIdentifier>{22356c94-163c-4a66-84c4-77820e424b30}</UniqueIdentifier>
    </Filter>
    <Filter Include="소스 파일\99. Etc\04. Debug_Defines">
      <UniqueIdentifier>{105471b3-095d-447c-bedd-7a9c585ee25a}</UniqueIdentifier>
    </Filter>
    <Filter Include="소스 파일\99. Etc\05. CircleQueue">
      <UniqueIdentifier>{bafa0101-28e1-4b13-812c-d322004662ff}</UniqueIdentifier>
    </Filter>
    <Filter Include="소스 파일\99. Etc\06. CrashDump">
      <UniqueIdentifier>{48fa6285-98bf-4e89-9337-123653fdf5e1}</UniqueIdentifier>
    </Filter>
    <Filter Include="소스 파일\99. Etc\02. Protocol\Protobuf3">
      <UniqueIdentifier>{6ac6c7ec-592a-4a61-82eb-b11b87422409}</UniqueIdentifier>
    </Filter>
    <Filter Include="소스 파일\99. Etc\07. PDH">
      <UniqueIdentifier>{4db4fc4a-10ed-492c-801b-6b167f7ea021}</UniqueIdentifier>
    </Filter>
    <Filter Include="소스 파일\99. Etc\07. PDH\cpuUsage">
      <UniqueIdentifier>{cdd3dde1-9a7a-4c97-b913-98438f3ba1ec}</UniqueIdentifier>
    </Filter>
    <Filter Include="소스 파일\99. Etc\07. PDH\SystemMonitor">
      <UniqueIdentifier>{c700733d-ae89-4d2e-9b53-2a46f0ae9c7f}</UniqueIdentifier>
    </Filter>
    <Filter Include="소스 파일\99. Etc\07. PDH\Timer">
      <UniqueIdentifier>{2ad92483-ee08-48ee-a061-cbe4ea85d1e4}</UniqueIdentifier>
    </Filter>
    <Filter Include="소스 파일\03. Packet %28Seriallized Buffer%29\02. ProtoStruct">
      <UniqueIdentifier>{2d12ecc7-c81e-4356-91f1-c621212a480c}</UniqueIdentifier>
    </Filter>
    <Filter Include="소스 파일\03. Packet %28Seriallized Buffer%29\03. Proto">
      <UniqueIdentifier>{3631392f-c4e2-429e-b8a6-78c53111aca2}</UniqueIdentifier>
    </Filter>
    <Filter Include="소스 파일\01. Manager\02. ObjMgr\Object">
      <UniqueIdentifier>{18052a1a-dfaf-4bfe-a2f0-51bb4db265b3}</UniqueIdentifier>
    </Filter>
    <Filter Include="소스 파일\06. Content\01. Managers">
      <UniqueIdentifier>{8f8d2ad7-c538-47a3-b614-033ad225a877}</UniqueIdentifier>
    </Filter>
    <Filter Include="소스 파일\06. Content\00. Objects">
      <UniqueIdentifier>{44a9aa1b-8435-4ef7-9b1a-847ac7826d57}</UniqueIdentifier>
    </Filter>
    <Filter Include="소스 파일\06. Content\01. Managers\00. RoomMgr">
      <UniqueIdentifier>{a1d470c7-7b07-44da-8055-8af867cfdbf6}</UniqueIdentifier>
    </Filter>
    <Filter Include="소스 파일\06. Content\00. Objects\Player">
      <UniqueIdentifier>{9ef624b1-d76c-4cfb-b0e0-5103fb84d98c}</UniqueIdentifier>
    </Filter>
    <Filter Include="소스 파일\06. Content\00. Objects\Item">
      <UniqueIdentifier>{05373b2a-ec2c-413b-a3cc-00b6f010b2df}</UniqueIdentifier>
    </Filter>
    <Filter Include="소스 파일\06. Content\01. Managers\00. RoomMgr\Room">
      <UniqueIdentifier>{89d7920f-9b53-4c82-8dd6-d9da74a515c8}</UniqueIdentifier>
    </Filter>
    <Filter Include="소스 파일\06. Content\01. Managers\00. RoomMgr\MatchSystem">
      <UniqueIdentifier>{b833033c-3ef4-49d3-885d-88bb83fa7eeb}</UniqueIdentifier>
    </Filter>
    <Filter Include="소스 파일\06. Content\01. Managers\00. RoomMgr\ItemSpawner">
      <UniqueIdentifier>{65212c62-ed3d-4002-9dd4-fd5c911c49ab}</UniqueIdentifier>
    </Filter>
    <Filter Include="소스 파일\06. Content\00. Objects\Player\DamageTracker">
      <UniqueIdentifier>{a8c5b47f-2e5f-4bea-b5be-898ecef0db86}</UniqueIdentifier>
    </Filter>
    <Filter Include="소스 파일\01. Manager\03. SessionMgr">
      <UniqueIdentifier>{d55e976f-6b2b-4c05-a79a-4c3916c0a468}</UniqueIdentifier>
    </Filter>
    <Filter Include="소스 파일\01. Manager\03. SessionMgr\Session">
      <UniqueIdentifier>{1b695666-4466-4b42-8a69-b61a013af54b}</UniqueIdentifier>
    </Filter>
    <Filter Include="소스 파일\01. Manager\05. MemoryPoolMgr">
      <UniqueIdentifier>{dc8e71a3-1516-4d2d-bc2f-24edf426b91a}</UniqueIdentifier>
    </Filter>
    <Filter Include="소스 파일\01. Manager\05. MemoryPoolMgr\MemoryPool">
      <UniqueIdentifier>{b7ad60c8-85db-447e-9c5c-41adb7c41a7a}</UniqueIdentifier>
    </Filter>
    <Filter Include="소스 파일\01. Manager\06. LogMgr">
      <UniqueIdentifier>{4f153e81-0de9-46d0-ba82-b0c1cfd54188}</UniqueIdentifier>
    </Filter>
    <Filter Include="소스 파일\99. Etc\08. Utils">
      <UniqueIdentifier>{3c2b8da2-bbc2-46ad-8018-8b6774ef3434}</UniqueIdentifier>
    </Filter>
    <Filter Include="소스 파일\07. AI">
      <UniqueIdentifier>{ae1db576-9bc3-488d-8931-1ed6c58a34fe}</UniqueIdentifier>
    </Filter>
    <Filter Include="소스 파일\07. AI\BehaviourTree">
      <UniqueIdentifier>{e645d56a-d6c0-4679-a817-6c21271499c9}</UniqueIdentifier>
    </Filter>
    <Filter Include="소스 파일\07. AI\AIContext">
      <UniqueIdentifier>{dc1519ae-9fdb-4cbe-b902-374f7df17767}</UniqueIdentifier>
    </Filter>
    <Filter Include="소스 파일\07. AI\AIEntity">
      <UniqueIdentifier>{deadc39b-3d65-48dc-acf3-bf924ed9a003}</UniqueIdentifier>
    </Filter>
    <Filter Include="소스 파일\07. AI\AIMgr">
      <UniqueIdentifier>{2c6f5edc-049c-45a7-93d9-8474db7341d8}</UniqueIdentifier>
    </Filter>
    <Filter Include="소스 파일\07. AI\Scripts">
      <UniqueIdentifier>{c06beeea-c83c-4820-bdf2-0c9cf6a778f0}</UniqueIdentifier>
    </Filter>
    <Filter Include="소스 파일\99. Etc\08. Utils\Encoding">
      <UniqueIdentifier>{a431c0f2-6950-46a6-af97-299074d476e8}</UniqueIdentifier>
    </Filter>
    <Filter Include="소스 파일\99. Etc\08. Utils\Math">
      <UniqueIdentifier>{1aa65239-c24d-45be-b83d-a889abef9c5a}</UniqueIdentifier>
    </Filter>
    <Filter Include="소스 파일\06. Content\01. Managers\01. LoginMgr">
      <UniqueIdentifier>{4ac57eb1-904c-4bfd-a429-43f32861093d}</UniqueIdentifier>
    </Filter>
    <Filter Include="소스 파일\99. Etc\09. Json">
      <UniqueIdentifier>{cc9343be-221d-44a5-8db2-f868bcf59649}</UniqueIdentifier>
    </Filter>
  </ItemGroup>
  <ItemGroup>
    <ClCompile Include="CustomException.cpp">
      <Filter>소스 파일\99. Etc\01. Custom throw Exception</Filter>
    </ClCompile>
    <ClCompile Include="Main.cpp">
      <Filter>소스 파일\00. Main</Filter>
    </ClCompile>
    <ClCompile Include="ObjectManager.cpp">
      <Filter>소스 파일\01. Manager\02. ObjMgr</Filter>
    </ClCompile>
    <ClCompile Include="Object.cpp">
      <Filter>소스 파일\01. Manager\02. ObjMgr\Object</Filter>
    </ClCompile>
    <ClCompile Include="WinSockManager.cpp">
      <Filter>소스 파일\01. Manager\00. WinSockMgr</Filter>
    </ClCompile>
    <ClCompile Include="NetIOManager.cpp">
      <Filter>소스 파일\01. Manager\04. NetIOMgr</Filter>
    </ClCompile>
    <ClCompile Include="pch.cpp">
      <Filter>소스 파일\99. Etc\00. pch</Filter>
    </ClCompile>
    <ClCompile Include="StackWalker.cpp">
      <Filter>소스 파일\99. Etc\01. Custom throw Exception\StackWalker</Filter>
    </ClCompile>
    <ClCompile Include="Packet.cpp">
      <Filter>소스 파일\03. Packet %28Seriallized Buffer%29</Filter>
    </ClCompile>
    <ClCompile Include="MakePacket.cpp">
      <Filter>소스 파일\03. Packet %28Seriallized Buffer%29\01. ResPacket</Filter>
    </ClCompile>
    <ClCompile Include="PacketProc.cpp">
      <Filter>소스 파일\03. Packet %28Seriallized Buffer%29\00. PacketProc</Filter>
    </ClCompile>
    <ClCompile Include="TimerManager.cpp">
      <Filter>소스 파일\01. Manager\01. TimeMgr</Filter>
    </ClCompile>
    <ClCompile Include="Player.cpp">
      <Filter>소스 파일\06. Content\00. Objects\Player</Filter>
    </ClCompile>
    <ClCompile Include="Content.cpp">
      <Filter>소스 파일\06. Content</Filter>
    </ClCompile>
    <ClCompile Include="Sinleton.cpp">
      <Filter>소스 파일\01. Manager</Filter>
    </ClCompile>
    <ClCompile Include="Profile.cpp">
      <Filter>소스 파일\99. Etc\03. Profile</Filter>
    </ClCompile>
    <ClCompile Include="MemoryPoolManager.cpp">
      <Filter>소스 파일\01. Manager\05. MemoryPoolMgr</Filter>
    </ClCompile>
    <ClCompile Include="LogManager.cpp">
      <Filter>소스 파일\01. Manager\06. LogMgr</Filter>
    </ClCompile>
    <ClCompile Include="CircularQueue.cpp">
      <Filter>소스 파일\99. Etc\05. CircleQueue</Filter>
    </ClCompile>
    <ClCompile Include="CrashDump.cpp">
      <Filter>소스 파일\99. Etc\06. CrashDump</Filter>
    </ClCompile>
    <ClCompile Include="Protobuf\Protocol.pb.cc">
      <Filter>소스 파일\99. Etc\02. Protocol\Protobuf3</Filter>
    </ClCompile>
    <ClCompile Include="cpuUsage.cpp">
      <Filter>소스 파일\99. Etc\07. PDH\cpuUsage</Filter>
    </ClCompile>
    <ClCompile Include="SystemMonitor.cpp">
      <Filter>소스 파일\99. Etc\07. PDH\SystemMonitor</Filter>
    </ClCompile>
    <ClCompile Include="Timer.cpp">
      <Filter>소스 파일\99. Etc\07. PDH\Timer</Filter>
    </ClCompile>
    <ClCompile Include="RoomManager.cpp">
      <Filter>소스 파일\06. Content\01. Managers\00. RoomMgr</Filter>
    </ClCompile>
    <ClCompile Include="Room.cpp">
      <Filter>소스 파일\06. Content\01. Managers\00. RoomMgr\Room</Filter>
    </ClCompile>
    <ClCompile Include="MatchSystem.cpp">
      <Filter>소스 파일\06. Content\01. Managers\00. RoomMgr\MatchSystem</Filter>
    </ClCompile>
    <ClCompile Include="Item.cpp">
      <Filter>소스 파일\06. Content\00. Objects\Item</Filter>
    </ClCompile>
    <ClCompile Include="ItemSpawner.cpp">
      <Filter>소스 파일\06. Content\01. Managers\00. RoomMgr\ItemSpawner</Filter>
    </ClCompile>
    <ClCompile Include="DamageTracker.cpp">
      <Filter>소스 파일\06. Content\00. Objects\Player\DamageTracker</Filter>
    </ClCompile>
    <ClCompile Include="Session.cpp">
      <Filter>소스 파일\01. Manager\03. SessionMgr\Session</Filter>
    </ClCompile>
    <ClCompile Include="SessionManager.cpp">
      <Filter>소스 파일\01. Manager\03. SessionMgr</Filter>
    </ClCompile>
    <ClCompile Include="BehaviourTree.cpp">
      <Filter>소스 파일\07. AI\BehaviourTree</Filter>
    </ClCompile>
    <ClCompile Include="AIEntity.cpp">
      <Filter>소스 파일\07. AI\AIEntity</Filter>
    </ClCompile>
    <ClCompile Include="AIContext.cpp">
      <Filter>소스 파일\07. AI\AIContext</Filter>
    </ClCompile>
    <ClCompile Include="Script_Boss.cpp">
      <Filter>소스 파일\07. AI\Scripts</Filter>
    </ClCompile>
    <ClCompile Include="EncodingUtils.cpp">
      <Filter>소스 파일\99. Etc\08. Utils\Encoding</Filter>
    </ClCompile>
    <ClCompile Include="MathUtils.cpp">
      <Filter>소스 파일\99. Etc\08. Utils\Math</Filter>
    </ClCompile>
    <ClCompile Include="LoginManager.cpp">
      <Filter>소스 파일\06. Content\01. Managers\01. LoginMgr</Filter>
    </ClCompile>
    <ClCompile Include="AIManager.cpp">
      <Filter>소스 파일\07. AI\AIMgr</Filter>
    </ClCompile>
  </ItemGroup>
  <ItemGroup>
    <ClInclude Include="Protocol.h">
      <Filter>소스 파일\99. Etc\02. Protocol</Filter>
    </ClInclude>
    <ClInclude Include="CustomException.h">
      <Filter>소스 파일\99. Etc\01. Custom throw Exception</Filter>
    </ClInclude>
    <ClInclude Include="ObjectManager.h">
      <Filter>소스 파일\01. Manager\02. ObjMgr</Filter>
    </ClInclude>
    <ClInclude Include="Object.h">
      <Filter>소스 파일\01. Manager\02. ObjMgr\Object</Filter>
    </ClInclude>
    <ClInclude Include="TimerManager.h">
      <Filter>소스 파일\01. Manager\01. TimeMgr</Filter>
    </ClInclude>
    <ClInclude Include="WinSockManager.h">
      <Filter>소스 파일\01. Manager\00. WinSockMgr</Filter>
    </ClInclude>
    <ClInclude Include="NetIOManager.h">
      <Filter>소스 파일\01. Manager\04. NetIOMgr</Filter>
    </ClInclude>
    <ClInclude Include="pch.h">
      <Filter>소스 파일\99. Etc\00. pch</Filter>
    </ClInclude>
    <ClInclude Include="StackWalker.h">
      <Filter>소스 파일\99. Etc\01. Custom throw Exception\StackWalker</Filter>
    </ClInclude>
    <ClInclude Include="Singleton.h">
      <Filter>소스 파일\01. Manager</Filter>
    </ClInclude>
    <ClInclude Include="RingBuffer.h">
      <Filter>소스 파일\02. RingBuffer</Filter>
    </ClInclude>
    <ClInclude Include="Packet.h">
      <Filter>소스 파일\03. Packet %28Seriallized Buffer%29</Filter>
    </ClInclude>
    <ClInclude Include="MakePacket.h">
      <Filter>소스 파일\03. Packet %28Seriallized Buffer%29\01. ResPacket</Filter>
    </ClInclude>
    <ClInclude Include="PacketProc.h">
      <Filter>소스 파일\03. Packet %28Seriallized Buffer%29\00. PacketProc</Filter>
    </ClInclude>
    <ClInclude Include="Defines.h">
      <Filter>소스 파일\99. Etc\02. Protocol</Filter>
    </ClInclude>
    <ClInclude Include="Player.h">
      <Filter>소스 파일\06. Content\00. Objects\Player</Filter>
    </ClInclude>
    <ClInclude Include="Content.h">
      <Filter>소스 파일\06. Content</Filter>
    </ClInclude>
    <ClInclude Include="Profile.h">
      <Filter>소스 파일\99. Etc\03. Profile</Filter>
    </ClInclude>
    <ClInclude Include="MemoryPool.h">
      <Filter>소스 파일\01. Manager\05. MemoryPoolMgr\MemoryPool</Filter>
    </ClInclude>
    <ClInclude Include="MemoryPoolManager.h">
      <Filter>소스 파일\01. Manager\05. MemoryPoolMgr</Filter>
    </ClInclude>
    <ClInclude Include="DebugDefines.h">
      <Filter>소스 파일\99. Etc\04. Debug_Defines</Filter>
    </ClInclude>
    <ClInclude Include="LogManager.h">
      <Filter>소스 파일\01. Manager\06. LogMgr</Filter>
    </ClInclude>
    <ClInclude Include="CrashDump.h">
      <Filter>소스 파일\99. Etc\06. CrashDump</Filter>
    </ClInclude>
    <ClInclude Include="resource.h">
      <Filter>소스 파일\99. Etc</Filter>
    </ClInclude>
    <ClInclude Include="CircularQueue.h">
      <Filter>소스 파일\99. Etc\05. CircleQueue</Filter>
    </ClInclude>
    <ClInclude Include="Protobuf\Protocol.pb.h">
      <Filter>소스 파일\99. Etc\02. Protocol\Protobuf3</Filter>
    </ClInclude>
    <ClInclude Include="cpuUsage.h">
      <Filter>소스 파일\99. Etc\07. PDH\cpuUsage</Filter>
    </ClInclude>
    <ClInclude Include="SystemMonitor.h">
      <Filter>소스 파일\99. Etc\07. PDH\SystemMonitor</Filter>
    </ClInclude>
    <ClInclude Include="Timer.h">
      <Filter>소스 파일\99. Etc\07. PDH\Timer</Filter>
    </ClInclude>
    <ClInclude Include="ProtoStruct.h">
      <Filter>소스 파일\03. Packet %28Seriallized Buffer%29\02. ProtoStruct</Filter>
    </ClInclude>
    <ClInclude Include="RoomManager.h">
      <Filter>소스 파일\06. Content\01. Managers\00. RoomMgr</Filter>
    </ClInclude>
    <ClInclude Include="Room.h">
      <Filter>소스 파일\06. Content\01. Managers\00. RoomMgr\Room</Filter>
    </ClInclude>
    <ClInclude Include="MatchSystem.h">
      <Filter>소스 파일\06. Content\01. Managers\00. RoomMgr\MatchSystem</Filter>
    </ClInclude>
    <ClInclude Include="Item.h">
      <Filter>소스 파일\06. Content\00. Objects\Item</Filter>
    </ClInclude>
    <ClInclude Include="ItemSpawner.h">
      <Filter>소스 파일\06. Content\01. Managers\00. RoomMgr\ItemSpawner</Filter>
    </ClInclude>
    <ClInclude Include="DamageTracker.h">
      <Filter>소스 파일\06. Content\00. Objects\Player\DamageTracker</Filter>
    </ClInclude>
    <ClInclude Include="Session.h">
      <Filter>소스 파일\01. Manager\03. SessionMgr\Session</Filter>
    </ClInclude>
    <ClInclude Include="SessionManager.h">
      <Filter>소스 파일\01. Manager\03. SessionMgr</Filter>
    </ClInclude>
    <ClInclude Include="BehaviourTree.h">
      <Filter>소스 파일\07. AI\BehaviourTree</Filter>
    </ClInclude>
    <ClInclude Include="AIManager.h">
      <Filter>소스 파일\07. AI\AIMgr</Filter>
    </ClInclude>
    <ClInclude Include="AIEntity.h">
      <Filter>소스 파일\07. AI\AIEntity</Filter>
    </ClInclude>
    <ClInclude Include="AIContext.h">
      <Filter>소스 파일\07. AI\AIContext</Filter>
    </ClInclude>
    <ClInclude Include="Script_Boss.h">
      <Filter>소스 파일\07. AI\Scripts</Filter>
    </ClInclude>
    <ClInclude Include="EncodingUtils.h">
      <Filter>소스 파일\99. Etc\08. Utils\Encoding</Filter>
    </ClInclude>
    <ClInclude Include="MathUtils.h">
      <Filter>소스 파일\99. Etc\08. Utils\Math</Filter>
    </ClInclude>
    <ClInclude Include="LoginManager.h">
      <Filter>소스 파일\06. Content\01. Managers\01. LoginMgr</Filter>
    </ClInclude>
    <ClInclude Include="json.hpp">
      <Filter>소스 파일\99. Etc\09. Json</Filter>
    </ClInclude>
    <ClInclude Include="LoginInfo.h">
      <Filter>소스 파일\06. Content\01. Managers\01. LoginMgr</Filter>
    </ClInclude>
  </ItemGroup>
  <ItemGroup>
    <None Include="Protocol.proto">
      <Filter>소스 파일\03. Packet %28Seriallized Buffer%29\03. Proto</Filter>
    </None>
  </ItemGroup>
  <ItemGroup>
    <ResourceCompile Include="APOMServer.rc">
      <Filter>리소스 파일</Filter>
    </ResourceCompile>
  </ItemGroup>
</Project>